PODS:
  - Apodidae (0.1.0)
  - Nimble (6.0.1)
  - Quick (1.1.0)

DEPENDENCIES:
  - Apodidae (from `../`)
  - Nimble (= 6.0.1)
  - Quick (~> 1.1.0)

EXTERNAL SOURCES:
  Apodidae:
    :path: "../"

SPEC CHECKSUMS:
  Apodidae: 7e6fc75b936c74b377d8dd1740bee873821c8ad8
  Nimble: 1527fd1bd2b4cf0636251a36bc8ab37e81da8347
  Quick: dafc587e21eed9f4cab3249b9f9015b0b7a7f71d

PODFILE CHECKSUM: 93a70446aa22cb1cd569372bcacbe17ee8ec9da0

COCOAPODS: 1.2.0
